
Microsoft Visual Studio Solution File, Format Version 12.00
# Visual Studio Version 17
VisualStudioVersion = 17.6.33829.357
MinimumVisualStudioVersion = 10.0.40219.1
Project("{9A19103F-16F7-4668-BE54-9A1E7A4F7556}") = "Basic-Api", "Basic-Api.csproj", "{C9454120-9D1C-4F3E-8926-6E30314418CA}"
EndProject
Global
	GlobalSection(SolutionConfigurationPlatforms) = preSolution
		Debug|Any CPU = Debug|Any CPU
		Release|Any CPU = Release|Any CPU
	EndGlobalSection
	GlobalSection(ProjectConfigurationPlatforms) = postSolution
		{C9454120-9D1C-4F3E-8926-6E30314418CA}.Debug|Any CPU.ActiveCfg = Debug|Any CPU
		{C9454120-9D1C-4F3E-8926-6E30314418CA}.Debug|Any CPU.Build.0 = Debug|Any CPU
		{C9454120-9D1C-4F3E-8926-6E30314418CA}.Release|Any CPU.ActiveCfg = Release|Any CPU
		{C9454120-9D1C-4F3E-8926-6E30314418CA}.Release|Any CPU.Build.0 = Release|Any CPU
	EndGlobalSection
	GlobalSection(SolutionProperties) = preSolution
		HideSolutionNode = FALSE
	EndGlobalSection
	GlobalSection(ExtensibilityGlobals) = postSolution
		SolutionGuid = {64FB6E91-0A37-4D60-90CC-B3A232927CE0}
	EndGlobalSection
EndGlobal
